Microsoft Visual Studio Solution File, Format Version 12.00
# Visual Studio 2012
Project("{FAE04EC0-301F-11D3-BF4B-00C04F79EFBC}") = "LLM Chat-based story writing", "LLM Chat-based story writing.csproj", "{71E71CD8-2C72-4CB3-B433-3ECACC1CF8FB}"
EndProject
Global
	GlobalSection(SolutionConfigurationPlatforms) = preSolution
	Debug|Any CPU = Debug|Any CPU
	ExportDebug|Any CPU = ExportDebug|Any CPU
	ExportRelease|Any CPU = ExportRelease|Any CPU
	EndGlobalSection
	GlobalSection(ProjectConfigurationPlatforms) = postSolution
		{71E71CD8-2C72-4CB3-B433-3ECACC1CF8FB}.Debug|Any CPU.ActiveCfg = Debug|Any CPU
		{71E71CD8-2C72-4CB3-B433-3ECACC1CF8FB}.Debug|Any CPU.Build.0 = Debug|Any CPU
		{71E71CD8-2C72-4CB3-B433-3ECACC1CF8FB}.ExportDebug|Any CPU.ActiveCfg = ExportDebug|Any CPU
		{71E71CD8-2C72-4CB3-B433-3ECACC1CF8FB}.ExportDebug|Any CPU.Build.0 = ExportDebug|Any CPU
		{71E71CD8-2C72-4CB3-B433-3ECACC1CF8FB}.ExportRelease|Any CPU.ActiveCfg = ExportRelease|Any CPU
		{71E71CD8-2C72-4CB3-B433-3ECACC1CF8FB}.ExportRelease|Any CPU.Build.0 = ExportRelease|Any CPU
	EndGlobalSection
EndGlobal
